Microsoft Visual Studio Solution File, Format Version 7.00
Project("{8BC9CEB8-8B4A-11D0-8D11-00A0C91BC942}") = "DistToolBarManager", "DistToolBarManager.vcproj", "{FC41C680-9A46-470E-973A-69229F9FDB90}"
EndProject
Global
	GlobalSection(SolutionConfiguration) = preSolution
		ConfigName.0 = Debug
		ConfigName.1 = Release
	EndGlobalSection
	GlobalSection(ProjectDependencies) = postSolution
	EndGlobalSection
	GlobalSection(ProjectConfiguration) = postSolution
		{FC41C680-9A46-470E-973A-69229F9FDB90}.Debug.ActiveCfg = Debug|Win32
		{FC41C680-9A46-470E-973A-69229F9FDB90}.Debug.Build.0 = Debug|Win32
		{FC41C680-9A46-470E-973A-69229F9FDB90}.Release.ActiveCfg = Release|Win32
		{FC41C680-9A46-470E-973A-69229F9FDB90}.Release.Build.0 = Release|Win32
	EndGlobalSection
	GlobalSection(ExtensibilityGlobals) = postSolution
	EndGlobalSection
	GlobalSection(ExtensibilityAddIns) = postSolution
	EndGlobalSection
EndGlobal
