Microsoft Visual Studio Solution File, Format Version 7.00
Project("{8BC9CEB8-8B4A-11D0-8D11-00A0C91BC942}") = "DistManager", "DistManager\DistManager.vcproj", "{3BE5C332-B579-4526-9185-9B0A7F26F498}"
EndProject
Project("{8BC9CEB8-8B4A-11D0-8D11-00A0C91BC942}") = "DistToolBarManager", "DistToolBarManager\DistToolBarManager.vcproj", "{FC41C680-9A46-470E-973A-69229F9FDB90}"
EndProject
Project("{8BC9CEB8-8B4A-11D0-8D11-00A0C91BC942}") = "SdeData", "SdeData\SdeData.vcproj", "{B4701B69-2638-4503-943E-CA32EC452C77}"
EndProject
Project("{8BC9CEB8-8B4A-11D0-8D11-00A0C91BC942}") = "LaunchCAD", "LaunchCAD\LaunchCAD.vcproj", "{C43A23E8-E7CA-4211-86A2-AF3D776CD24D}"
EndProject
Project("{8BC9CEB8-8B4A-11D0-8D11-00A0C91BC942}") = "CADContainer", "CADContainer\CADContainer.vcproj", "{A1C2F006-EA33-4A52-AA74-AEC8ADCCDDBA}"
EndProject
Global
	GlobalSection(SolutionConfiguration) = preSolution
		ConfigName.0 = Debug
		ConfigName.1 = Release
	EndGlobalSection
	GlobalSection(ProjectDependencies) = postSolution
	EndGlobalSection
	GlobalSection(ProjectConfiguration) = postSolution
		{3BE5C332-B579-4526-9185-9B0A7F26F498}.Debug.ActiveCfg = Debug|Win32
		{3BE5C332-B579-4526-9185-9B0A7F26F498}.Debug.Build.0 = Debug|Win32
		{3BE5C332-B579-4526-9185-9B0A7F26F498}.Release.ActiveCfg = Release|Win32
		{3BE5C332-B579-4526-9185-9B0A7F26F498}.Release.Build.0 = Release|Win32
		{FC41C680-9A46-470E-973A-69229F9FDB90}.Debug.ActiveCfg = Debug|Win32
		{FC41C680-9A46-470E-973A-69229F9FDB90}.Debug.Build.0 = Debug|Win32
		{FC41C680-9A46-470E-973A-69229F9FDB90}.Release.ActiveCfg = Release|Win32
		{FC41C680-9A46-470E-973A-69229F9FDB90}.Release.Build.0 = Release|Win32
		{B4701B69-2638-4503-943E-CA32EC452C77}.Debug.ActiveCfg = Debug|Win32
		{B4701B69-2638-4503-943E-CA32EC452C77}.Debug.Build.0 = Debug|Win32
		{B4701B69-2638-4503-943E-CA32EC452C77}.Release.ActiveCfg = Release|Win32
		{B4701B69-2638-4503-943E-CA32EC452C77}.Release.Build.0 = Release|Win32
		{C43A23E8-E7CA-4211-86A2-AF3D776CD24D}.Debug.ActiveCfg = Debug|Win32
		{C43A23E8-E7CA-4211-86A2-AF3D776CD24D}.Debug.Build.0 = Debug|Win32
		{C43A23E8-E7CA-4211-86A2-AF3D776CD24D}.Release.ActiveCfg = Release|Win32
		{C43A23E8-E7CA-4211-86A2-AF3D776CD24D}.Release.Build.0 = Release|Win32
		{A1C2F006-EA33-4A52-AA74-AEC8ADCCDDBA}.Debug.ActiveCfg = Debug|Win32
		{A1C2F006-EA33-4A52-AA74-AEC8ADCCDDBA}.Debug.Build.0 = Debug|Win32
		{A1C2F006-EA33-4A52-AA74-AEC8ADCCDDBA}.Release.ActiveCfg = Release|Win32
		{A1C2F006-EA33-4A52-AA74-AEC8ADCCDDBA}.Release.Build.0 = Release|Win32
	EndGlobalSection
	GlobalSection(ExtensibilityGlobals) = postSolution
	EndGlobalSection
	GlobalSection(ExtensibilityAddIns) = postSolution
	EndGlobalSection
EndGlobal
