Microsoft Visual Studio Solution File, Format Version 7.00
Project("{8BC9CEB8-8B4A-11D0-8D11-00A0C91BC942}") = "LaunchCAD", "LaunchCAD\LaunchCAD.vcproj", "{C43A23E8-E7CA-4211-86A2-AF3D776CD24D}"
EndProject
Project("{8BC9CEB8-8B4A-11D0-8D11-00A0C91BC942}") = "DistMenuManager", "DistMenuManager\DistMenuManager.vcproj", "{A1D85EB8-693C-40F0-A417-2384F640F97D}"
EndProject
Project("{8BC9CEB8-8B4A-11D0-8D11-00A0C91BC942}") = "SdeData", "SdeData\SdeData.vcproj", "{B4701B69-2638-4503-943E-CA32EC452C77}"
EndProject
Project("{8BC9CEB8-8B4A-11D0-8D11-00A0C91BC942}") = "DistLayerTree", "DistLayerTree\DistLayerTree.vcproj", "{7766551A-782E-4FE7-AA7B-69A6D6361D49}"
EndProject
Project("{8BC9CEB8-8B4A-11D0-8D11-00A0C91BC942}") = "DistCommands", "DistCommands\DistCommands.vcproj", "{5938F6D4-8CC1-4545-B9CA-AF0555C1A019}"
EndProject
Project("{8BC9CEB8-8B4A-11D0-8D11-00A0C91BC942}") = "DistToolBar", "DistToolBar\DistToolBar.vcproj", "{9A4DDF23-5909-487C-A817-B4C32B975E4F}"
EndProject
Project("{8BC9CEB8-8B4A-11D0-8D11-00A0C91BC942}") = "CmdPowerConfig", "CmdPowerConfig\CmdPowerConfig.vcproj", "{3C48D185-1BE7-4850-A30B-84A4538536E2}"
EndProject
Global
	GlobalSection(SolutionConfiguration) = preSolution
		ConfigName.0 = Debug
		ConfigName.1 = Release
	EndGlobalSection
	GlobalSection(ProjectDependencies) = postSolution
	EndGlobalSection
	GlobalSection(ProjectConfiguration) = postSolution
		{C43A23E8-E7CA-4211-86A2-AF3D776CD24D}.Debug.ActiveCfg = Debug|Win32
		{C43A23E8-E7CA-4211-86A2-AF3D776CD24D}.Debug.Build.0 = Debug|Win32
		{C43A23E8-E7CA-4211-86A2-AF3D776CD24D}.Release.ActiveCfg = Release|Win32
		{C43A23E8-E7CA-4211-86A2-AF3D776CD24D}.Release.Build.0 = Release|Win32
		{A1D85EB8-693C-40F0-A417-2384F640F97D}.Debug.ActiveCfg = Debug|Win32
		{A1D85EB8-693C-40F0-A417-2384F640F97D}.Debug.Build.0 = Debug|Win32
		{A1D85EB8-693C-40F0-A417-2384F640F97D}.Release.ActiveCfg = Release|Win32
		{A1D85EB8-693C-40F0-A417-2384F640F97D}.Release.Build.0 = Release|Win32
		{B4701B69-2638-4503-943E-CA32EC452C77}.Debug.ActiveCfg = Debug|Win32
		{B4701B69-2638-4503-943E-CA32EC452C77}.Debug.Build.0 = Debug|Win32
		{B4701B69-2638-4503-943E-CA32EC452C77}.Release.ActiveCfg = Release|Win32
		{B4701B69-2638-4503-943E-CA32EC452C77}.Release.Build.0 = Release|Win32
		{7766551A-782E-4FE7-AA7B-69A6D6361D49}.Debug.ActiveCfg = Debug|Win32
		{7766551A-782E-4FE7-AA7B-69A6D6361D49}.Debug.Build.0 = Debug|Win32
		{7766551A-782E-4FE7-AA7B-69A6D6361D49}.Release.ActiveCfg = Release|Win32
		{7766551A-782E-4FE7-AA7B-69A6D6361D49}.Release.Build.0 = Release|Win32
		{5938F6D4-8CC1-4545-B9CA-AF0555C1A019}.Debug.ActiveCfg = Debug|Win32
		{5938F6D4-8CC1-4545-B9CA-AF0555C1A019}.Debug.Build.0 = Debug|Win32
		{5938F6D4-8CC1-4545-B9CA-AF0555C1A019}.Release.ActiveCfg = Release|Win32
		{5938F6D4-8CC1-4545-B9CA-AF0555C1A019}.Release.Build.0 = Release|Win32
		{9A4DDF23-5909-487C-A817-B4C32B975E4F}.Debug.ActiveCfg = Debug|Win32
		{9A4DDF23-5909-487C-A817-B4C32B975E4F}.Debug.Build.0 = Debug|Win32
		{9A4DDF23-5909-487C-A817-B4C32B975E4F}.Release.ActiveCfg = Release|Win32
		{9A4DDF23-5909-487C-A817-B4C32B975E4F}.Release.Build.0 = Release|Win32
		{3C48D185-1BE7-4850-A30B-84A4538536E2}.Debug.ActiveCfg = Debug|Win32
		{3C48D185-1BE7-4850-A30B-84A4538536E2}.Debug.Build.0 = Debug|Win32
		{3C48D185-1BE7-4850-A30B-84A4538536E2}.Release.ActiveCfg = Release|Win32
		{3C48D185-1BE7-4850-A30B-84A4538536E2}.Release.Build.0 = Release|Win32
	EndGlobalSection
	GlobalSection(ExtensibilityGlobals) = postSolution
	EndGlobalSection
	GlobalSection(ExtensibilityAddIns) = postSolution
	EndGlobalSection
EndGlobal
